
Microsoft Visual Studio Solution File, Format Version 12.00
# Visual Studio Version 16
VisualStudioVersion = 16.0.30503.244
MinimumVisualStudioVersion = 10.0.40219.1
Project("{FAE04EC0-301F-11D3-BF4B-00C04F79EFBC}") = "WpfBlackJackAssign4", "WpfBlackJackAssign4\WpfBlackJackAssign4.csproj", "{FF8A4820-226D-4A06-BB8A-60997F7E1ED2}"
EndProject
Project("{9A19103F-16F7-4668-BE54-9A1E7A4F7556}") = "DbLib", "DbLib\DbLib.csproj", "{ED249153-2BC0-4873-B2C2-D4E8E187F809}"
EndProject
Project("{00D1A9C2-B5F0-4AF3-8072-F6C62B433612}") = "BlackJackDatabase", "BlackJackDatabase\BlackJackDatabase.sqlproj", "{FCC14EBC-30EE-4268-BB13-2494E00EFCE1}"
EndProject
Global
	GlobalSection(SolutionConfigurationPlatforms) = preSolution
		Debug|Any CPU = Debug|Any CPU
		Release|Any CPU = Release|Any CPU
	EndGlobalSection
	GlobalSection(ProjectConfigurationPlatforms) = postSolution
		{FF8A4820-226D-4A06-BB8A-60997F7E1ED2}.Debug|Any CPU.ActiveCfg = Debug|Any CPU
		{FF8A4820-226D-4A06-BB8A-60997F7E1ED2}.Debug|Any CPU.Build.0 = Debug|Any CPU
		{FF8A4820-226D-4A06-BB8A-60997F7E1ED2}.Release|Any CPU.ActiveCfg = Release|Any CPU
		{FF8A4820-226D-4A06-BB8A-60997F7E1ED2}.Release|Any CPU.Build.0 = Release|Any CPU
		{ED249153-2BC0-4873-B2C2-D4E8E187F809}.Debug|Any CPU.ActiveCfg = Debug|Any CPU
		{ED249153-2BC0-4873-B2C2-D4E8E187F809}.Debug|Any CPU.Build.0 = Debug|Any CPU
		{ED249153-2BC0-4873-B2C2-D4E8E187F809}.Release|Any CPU.ActiveCfg = Release|Any CPU
		{ED249153-2BC0-4873-B2C2-D4E8E187F809}.Release|Any CPU.Build.0 = Release|Any CPU
		{FCC14EBC-30EE-4268-BB13-2494E00EFCE1}.Debug|Any CPU.ActiveCfg = Debug|Any CPU
		{FCC14EBC-30EE-4268-BB13-2494E00EFCE1}.Debug|Any CPU.Build.0 = Debug|Any CPU
		{FCC14EBC-30EE-4268-BB13-2494E00EFCE1}.Debug|Any CPU.Deploy.0 = Debug|Any CPU
		{FCC14EBC-30EE-4268-BB13-2494E00EFCE1}.Release|Any CPU.ActiveCfg = Release|Any CPU
		{FCC14EBC-30EE-4268-BB13-2494E00EFCE1}.Release|Any CPU.Build.0 = Release|Any CPU
		{FCC14EBC-30EE-4268-BB13-2494E00EFCE1}.Release|Any CPU.Deploy.0 = Release|Any CPU
	EndGlobalSection
	GlobalSection(SolutionProperties) = preSolution
		HideSolutionNode = FALSE
	EndGlobalSection
	GlobalSection(ExtensibilityGlobals) = postSolution
		SolutionGuid = {2DB96CB1-6F29-4EC1-AABE-256F86E887DE}
	EndGlobalSection
EndGlobal
