
Microsoft Visual Studio Solution File, Format Version 12.00
# Visual Studio Version 16
VisualStudioVersion = 16.0.30503.244
MinimumVisualStudioVersion = 10.0.40219.1
Project("{FAE04EC0-301F-11D3-BF4B-00C04F79EFBC}") = "WpfBlackJackAssign4", "WpfBlackJackAssign4\WpfBlackJackAssign4.csproj", "{FF8A4820-226D-4A06-BB8A-60997F7E1ED2}"
EndProject
Global
	GlobalSection(SolutionConfigurationPlatforms) = preSolution
		Debug|Any CPU = Debug|Any CPU
		Release|Any CPU = Release|Any CPU
	EndGlobalSection
	GlobalSection(ProjectConfigurationPlatforms) = postSolution
		{FF8A4820-226D-4A06-BB8A-60997F7E1ED2}.Debug|Any CPU.ActiveCfg = Debug|Any CPU
		{FF8A4820-226D-4A06-BB8A-60997F7E1ED2}.Debug|Any CPU.Build.0 = Debug|Any CPU
		{FF8A4820-226D-4A06-BB8A-60997F7E1ED2}.Release|Any CPU.ActiveCfg = Release|Any CPU
		{FF8A4820-226D-4A06-BB8A-60997F7E1ED2}.Release|Any CPU.Build.0 = Release|Any CPU
	EndGlobalSection
	GlobalSection(SolutionProperties) = preSolution
		HideSolutionNode = FALSE
	EndGlobalSection
	GlobalSection(ExtensibilityGlobals) = postSolution
		SolutionGuid = {2DB96CB1-6F29-4EC1-AABE-256F86E887DE}
	EndGlobalSection
EndGlobal
